
Microsoft Visual Studio Solution File, Format Version 12.00
# Visual Studio Version 17
VisualStudioVersion = 17.12.35707.178 d17.12
MinimumVisualStudioVersion = 10.0.40219.1
Project("{FAE04EC0-301F-11D3-BF4B-00C04F79EFBC}") = "NumberGuessingGame", "NumberGuessingGame.csproj", "{FFAA43C7-7522-42EE-A6F0-20AD839556DA}"
EndProject
Global
	GlobalSection(SolutionConfigurationPlatforms) = preSolution
		Debug|Any CPU = Debug|Any CPU
		Release|Any CPU = Release|Any CPU
	EndGlobalSection
	GlobalSection(ProjectConfigurationPlatforms) = postSolution
		{FFAA43C7-7522-42EE-A6F0-20AD839556DA}.Debug|Any CPU.ActiveCfg = Debug|Any CPU
		{FFAA43C7-7522-42EE-A6F0-20AD839556DA}.Debug|Any CPU.Build.0 = Debug|Any CPU
		{FFAA43C7-7522-42EE-A6F0-20AD839556DA}.Release|Any CPU.ActiveCfg = Release|Any CPU
		{FFAA43C7-7522-42EE-A6F0-20AD839556DA}.Release|Any CPU.Build.0 = Release|Any CPU
	EndGlobalSection
	GlobalSection(SolutionProperties) = preSolution
		HideSolutionNode = FALSE
	EndGlobalSection
EndGlobal
